// !$*UTF8*$!
{
	archiveVersion = 1;
	classes = {
	};
	objectVersion = 46;
	objects = {

/* Begin PBXBuildFile section */
		3AAAABD21C6DF218000DC614 /* main.m in Sources */ = {isa = PBXBuildFile; fileRef = 3AAAABD11C6DF218000DC614 /* main.m */; };
		3AAAABD51C6DF218000DC614 /* AppDelegate.m in Sources */ = {isa = PBXBuildFile; fileRef = 3AAAABD41C6DF218000DC614 /* AppDelegate.m */; };
		3AAAABD81C6DF218000DC614 /* ViewController.m in Sources */ = {isa = PBXBuildFile; fileRef = 3AAAABD71C6DF218000DC614 /* ViewController.m */; };
		3AAAABDB1C6DF218000DC614 /* Main.storyboard in Resources */ = {isa = PBXBuildFile; fileRef = 3AAAABD91C6DF218000DC614 /* Main.storyboard */; };
		3AAAABDD1C6DF218000DC614 /* Assets.xcassets in Resources */ = {isa = PBXBuildFile; fileRef = 3AAAABDC1C6DF218000DC614 /* Assets.xcassets */; };
		3AAAABE01C6DF218000DC614 /* LaunchScreen.storyboard in Resources */ = {isa = PBXBuildFile; fileRef = 3AAAABDE1C6DF218000DC614 /* LaunchScreen.storyboard */; };
		3AAAABE91C6DF4C8000DC614 /* DelTest.m in Sources */ = {isa = PBXBuildFile; fileRef = 3AAAABE81C6DF4C8000DC614 /* DelTest.m */; };
		3AAAABEC1C6DF6BA000DC614 /* DelAccessControllerViewController.m in Sources */ = {isa = PBXBuildFile; fileRef = 3AAAABEB1C6DF6BA000DC614 /* DelAccessControllerViewController.m */; };
/* End PBXBuildFile section */

/* Begin PBXFileReference section */
		3AAAABCD1C6DF218000DC614 /* testObjc.app */ = {isa = PBXFileReference; explicitFileType = wrapper.application; includeInIndex = 0; path = testObjc.app; sourceTree = BUILT_PRODUCTS_DIR; };
		3AAAABD11C6DF218000DC614 /* main.m */ = {isa = PBXFileReference; lastKnownFileType = sourcecode.c.objc; path = main.m; sourceTree = "<group>"; };
		3AAAABD31C6DF218000DC614 /* AppDelegate.h */ = {isa = PBXFileReference; lastKnownFileType = sourcecode.c.h; path = AppDelegate.h; sourceTree = "<group>"; };
		3AAAABD41C6DF218000DC614 /* AppDelegate.m */ = {isa = PBXFileReference; lastKnownFileType = sourcecode.c.objc; path = AppDelegate.m; sourceTree = "<group>"; };
		3AAAABD61C6DF218000DC614 /* ViewController.h */ = {isa = PBXFileReference; lastKnownFileType = sourcecode.c.h; path = ViewController.h; sourceTree = "<group>"; };
		3AAAABD71C6DF218000DC614 /* ViewController.m */ = {isa = PBXFileReference; lastKnownFileType = sourcecode.c.objc; path = ViewController.m; sourceTree = "<group>"; };
		3AAAABDA1C6DF218000DC614 /* Base */ = {isa = PBXFileReference; lastKnownFileType = file.storyboard; name = Base; path = Base.lproj/Main.storyboard; sourceTree = "<group>"; };
		3AAAABDC1C6DF218000DC614 /* Assets.xcassets */ = {isa = PBXFileReference; lastKnownFileType = folder.assetcatalog; path = Assets.xcassets; sourceTree = "<group>"; };
		3AAAABDF1C6DF218000DC614 /* Base */ = {isa = PBXFileReference; lastKnownFileType = file.storyboard; name = Base; path = Base.lproj/LaunchScreen.storyboard; sourceTree = "<group>"; };
		3AAAABE11C6DF218000DC614 /* Info.plist */ = {isa = PBXFileReference; lastKnownFileType = text.plist.xml; path = Info.plist; sourceTree = "<group>"; };
		3AAAABE71C6DF4C8000DC614 /* DelTest.h */ = {isa = PBXFileReference; fileEncoding = 4; lastKnownFileType = sourcecode.c.h; path = DelTest.h; sourceTree = "<group>"; };
		3AAAABE81C6DF4C8000DC614 /* DelTest.m */ = {isa = PBXFileReference; fileEncoding = 4; lastKnownFileType = sourcecode.c.objc; path = DelTest.m; sourceTree = "<group>"; };
		3AAAABEA1C6DF6BA000DC614 /* DelAccessControllerViewController.h */ = {isa = PBXFileReference; fileEncoding = 4; lastKnownFileType = sourcecode.c.h; path = DelAccessControllerViewController.h; sourceTree = "<group>"; };
		3AAAABEB1C6DF6BA000DC614 /* DelAccessControllerViewController.m */ = {isa = PBXFileReference; fileEncoding = 4; lastKnownFileType = sourcecode.c.objc; path = DelAccessControllerViewController.m; sourceTree = "<group>"; };
/* End PBXFileReference section */

/* Begin PBXFrameworksBuildPhase section */
		3AAAABCA1C6DF218000DC614 /* Frameworks */ = {
			isa = PBXFrameworksBuildPhase;
			buildActionMask = 2147483647;
			files = (
			);
			runOnlyForDeploymentPostprocessing = 0;
		};
/* End PBXFrameworksBuildPhase section */

/* Begin PBXGroup section */
		3AAAABC41C6DF218000DC614 = {
			isa = PBXGroup;
			children = (
				3AAAABCF1C6DF218000DC614 /* testObjc */,
				3AAAABCE1C6DF218000DC614 /* Products */,
			);
			sourceTree = "<group>";
		};
		3AAAABCE1C6DF218000DC614 /* Products */ = {
			isa = PBXGroup;
			children = (
				3AAAABCD1C6DF218000DC614 /* testObjc.app */,
			);
			name = Products;
			sourceTree = "<group>";
		};
		3AAAABCF1C6DF218000DC614 /* testObjc */ = {
			isa = PBXGroup;
			children = (
				3AAAABD31C6DF218000DC614 /* AppDelegate.h */,
				3AAAABD41C6DF218000DC614 /* AppDelegate.m */,
				3AAAABD61C6DF218000DC614 /* ViewController.h */,
				3AAAABD71C6DF218000DC614 /* ViewController.m */,
				3AAAABEA1C6DF6BA000DC614 /* DelAccessControllerViewController.h */,
				3AAAABEB1C6DF6BA000DC614 /* DelAccessControllerViewController.m */,
				3AAAABE71C6DF4C8000DC614 /* DelTest.h */,
				3AAAABE81C6DF4C8000DC614 /* DelTest.m */,
				3AAAABD91C6DF218000DC614 /* Main.storyboard */,
				3AAAABDC1C6DF218000DC614 /* Assets.xcassets */,
				3AAAABDE1C6DF218000DC614 /* LaunchScreen.storyboard */,
				3AAAABE11C6DF218000DC614 /* Info.plist */,
				3AAAABD01C6DF218000DC614 /* Supporting Files */,
			);
			path = testObjc;
			sourceTree = "<group>";
		};
		3AAAABD01C6DF218000DC614 /* Supporting Files */ = {
			isa = PBXGroup;
			children = (
				3AAAABD11C6DF218000DC614 /* main.m */,
			);
			name = "Supporting Files";
			sourceTree = "<group>";
		};
/* End PBXGroup section */

/* Begin PBXNativeTarget section */
		3AAAABCC1C6DF218000DC614 /* testObjc */ = {
			isa = PBXNativeTarget;
			buildConfigurationList = 3AAAABE41C6DF218000DC614 /* Build configuration list for PBXNativeTarget "testObjc" */;
			buildPhases = (
				3AAAABC91C6DF218000DC614 /* Sources */,
				3AAAABCA1C6DF218000DC614 /* Frameworks */,
				3AAAABCB1C6DF218000DC614 /* Resources */,
			);
			buildRules = (
			);
			dependencies = (
			);
			name = testObjc;
			productName = testObjc;
			productReference = 3AAAABCD1C6DF218000DC614 /* testObjc.app */;
			productType = "com.apple.product-type.application";
		};
/* End PBXNativeTarget section */

/* Begin PBXProject section */
		3AAAABC51C6DF218000DC614 /* Project object */ = {
			isa = PBXProject;
			attributes = {
				LastUpgradeCheck = 0720;
				ORGANIZATIONNAME = "fluct, Inc.";
				TargetAttributes = {
					3AAAABCC1C6DF218000DC614 = {
						CreatedOnToolsVersion = 7.2.1;
					};
				};
			};
			buildConfigurationList = 3AAAABC81C6DF218000DC614 /* Build configuration list for PBXProject "testObjc" */;
			compatibilityVersion = "Xcode 3.2";
			developmentRegion = English;
			hasScannedForEncodings = 0;
			knownRegions = (
				en,
				Base,
			);
			mainGroup = 3AAAABC41C6DF218000DC614;
			productRefGroup = 3AAAABCE1C6DF218000DC614 /* Products */;
			projectDirPath = "";
			projectRoot = "";
			targets = (
				3AAAABCC1C6DF218000DC614 /* testObjc */,
			);
		};
/* End PBXProject section */

/* Begin PBXResourcesBuildPhase section */
		3AAAABCB1C6DF218000DC614 /* Resources */ = {
			isa = PBXResourcesBuildPhase;
			buildActionMask = 2147483647;
			files = (
				3AAAABE01C6DF218000DC614 /* LaunchScreen.storyboard in Resources */,
				3AAAABDD1C6DF218000DC614 /* Assets.xcassets in Resources */,
				3AAAABDB1C6DF218000DC614 /* Main.storyboard in Resources */,
			);
			runOnlyForDeploymentPostprocessing = 0;
		};
/* End PBXResourcesBuildPhase section */

/* Begin PBXSourcesBuildPhase section */
		3AAAABC91C6DF218000DC614 /* Sources */ = {
			isa = PBXSourcesBuildPhase;
			buildActionMask = 2147483647;
			files = (
				3AAAABD81C6DF218000DC614 /* ViewController.m in Sources */,
				3AAAABE91C6DF4C8000DC614 /* DelTest.m in Sources */,
				3AAAABEC1C6DF6BA000DC614 /* DelAccessControllerViewController.m in Sources */,
				3AAAABD51C6DF218000DC614 /* AppDelegate.m in Sources */,
				3AAAABD21C6DF218000DC614 /* main.m in Sources */,
			);
			runOnlyForDeploymentPostprocessing = 0;
		};
/* End PBXSourcesBuildPhase section */

/* Begin PBXVariantGroup section */
		3AAAABD91C6DF218000DC614 /* Main.storyboard */ = {
			isa = PBXVariantGroup;
			children = (
				3AAAABDA1C6DF218000DC614 /* Base */,
			);
			name = Main.storyboard;
			sourceTree = "<group>";
		};
		3AAAABDE1C6DF218000DC614 /* LaunchScreen.storyboard */ = {
			isa = PBXVariantGroup;
			children = (
				3AAAABDF1C6DF218000DC614 /* Base */,
			);
			name = LaunchScreen.storyboard;
			sourceTree = "<group>";
		};
/* End PBXVariantGroup section */

/* Begin XCBuildConfiguration section */
		3AAAABE21C6DF218000DC614 /* Debug */ = {
			isa = XCBuildConfiguration;
			buildSettings = {
				ALWAYS_SEARCH_USER_PATHS = NO;
				CLANG_CXX_LANGUAGE_STANDARD = "gnu++0x";
				CLANG_CXX_LIBRARY = "libc++";
				CLANG_ENABLE_MODULES = YES;
				CLANG_ENABLE_OBJC_ARC = YES;
				CLANG_WARN_BOOL_CONVERSION = YES;
				CLANG_WARN_CONSTANT_CONVERSION = YES;
				CLANG_WARN_DIRECT_OBJC_ISA_USAGE = YES_ERROR;
				CLANG_WARN_EMPTY_BODY = YES;
				CLANG_WARN_ENUM_CONVERSION = YES;
				CLANG_WARN_INT_CONVERSION = YES;
				CLANG_WARN_OBJC_ROOT_CLASS = YES_ERROR;
				CLANG_WARN_UNREACHABLE_CODE = YES;
				CLANG_WARN__DUPLICATE_METHOD_MATCH = YES;
				"CODE_SIGN_IDENTITY[sdk=iphoneos*]" = "iPhone Developer";
				COPY_PHASE_STRIP = NO;
				DEBUG_INFORMATION_FORMAT = dwarf;
				ENABLE_STRICT_OBJC_MSGSEND = YES;
				ENABLE_TESTABILITY = YES;
				GCC_C_LANGUAGE_STANDARD = gnu99;
				GCC_DYNAMIC_NO_PIC = NO;
				GCC_NO_COMMON_BLOCKS = YES;
				GCC_OPTIMIZATION_LEVEL = 0;
				GCC_PREPROCESSOR_DEFINITIONS = (
					"DEBUG=1",
					"$(inherited)",
				);
				GCC_WARN_64_TO_32_BIT_CONVERSION = YES;
				GCC_WARN_ABOUT_RETURN_TYPE = YES_ERROR;
				GCC_WARN_UNDECLARED_SELECTOR = YES;
				GCC_WARN_UNINITIALIZED_AUTOS = YES_AGGRESSIVE;
				GCC_WARN_UNUSED_FUNCTION = YES;
				GCC_WARN_UNUSED_VARIABLE = YES;
				IPHONEOS_DEPLOYMENT_TARGET = 9.2;
				MTL_ENABLE_DEBUG_INFO = YES;
				ONLY_ACTIVE_ARCH = YES;
				SDKROOT = iphoneos;
			};
			name = Debug;
		};
		3AAAABE31C6DF218000DC614 /* Release */ = {
			isa = XCBuildConfiguration;
			buildSettings = {
				ALWAYS_SEARCH_USER_PATHS = NO;
				CLANG_CXX_LANGUAGE_STANDARD = "gnu++0x";
				CLANG_CXX_LIBRARY = "libc++";
				CLANG_ENABLE_MODULES = YES;
				CLANG_ENABLE_OBJC_ARC = YES;
				CLANG_WARN_BOOL_CONVERSION = YES;
				CLANG_WARN_CONSTANT_CONVERSION = YES;
				CLANG_WARN_DIRECT_OBJC_ISA_USAGE = YES_ERROR;
				CLANG_WARN_EMPTY_BODY = YES;
				CLANG_WARN_ENUM_CONVERSION = YES;
				CLANG_WARN_INT_CONVERSION = YES;
				CLANG_WARN_OBJC_ROOT_CLASS = YES_ERROR;
				CLANG_WARN_UNREACHABLE_CODE = YES;
				CLANG_WARN__DUPLICATE_METHOD_MATCH = YES;
				"CODE_SIGN_IDENTITY[sdk=iphoneos*]" = "iPhone Developer";
				COPY_PHASE_STRIP = NO;
				DEBUG_INFORMATION_FORMAT = "dwarf-with-dsym";
				ENABLE_NS_ASSERTIONS = NO;
				ENABLE_STRICT_OBJC_MSGSEND = YES;
				GCC_C_LANGUAGE_STANDARD = gnu99;
				GCC_NO_COMMON_BLOCKS = YES;
				GCC_WARN_64_TO_32_BIT_CONVERSION = YES;
				GCC_WARN_ABOUT_RETURN_TYPE = YES_ERROR;
				GCC_WARN_UNDECLARED_SELECTOR = YES;
				GCC_WARN_UNINITIALIZED_AUTOS = YES_AGGRESSIVE;
				GCC_WARN_UNUSED_FUNCTION = YES;
				GCC_WARN_UNUSED_VARIABLE = YES;
				IPHONEOS_DEPLOYMENT_TARGET = 9.2;
				MTL_ENABLE_DEBUG_INFO = NO;
				SDKROOT = iphoneos;
				VALIDATE_PRODUCT = YES;
			};
			name = Release;
		};
		3AAAABE51C6DF218000DC614 /* Debug */ = {
			isa = XCBuildConfiguration;
			buildSettings = {
				ASSETCATALOG_COMPILER_APPICON_NAME = AppIcon;
				INFOPLIST_FILE = testObjc/Info.plist;
				LD_RUNPATH_SEARCH_PATHS = "$(inherited) @executable_path/Frameworks";
				PRODUCT_BUNDLE_IDENTIFIER = jp.fluct.testObjc;
				PRODUCT_NAME = "$(TARGET_NAME)";
			};
			name = Debug;
		};
		3AAAABE61C6DF218000DC614 /* Release */ = {
			isa = XCBuildConfiguration;
			buildSettings = {
				ASSETCATALOG_COMPILER_APPICON_NAME = AppIcon;
				INFOPLIST_FILE = testObjc/Info.plist;
				LD_RUNPATH_SEARCH_PATHS = "$(inherited) @executable_path/Frameworks";
				PRODUCT_BUNDLE_IDENTIFIER = jp.fluct.testObjc;
				PRODUCT_NAME = "$(TARGET_NAME)";
			};
			name = Release;
		};
/* End XCBuildConfiguration section */

/* Begin XCConfigurationList section */
		3AAAABC81C6DF218000DC614 /* Build configuration list for PBXProject "testObjc" */ = {
			isa = XCConfigurationList;
			buildConfigurations = (
				3AAAABE21C6DF218000DC614 /* Debug */,
				3AAAABE31C6DF218000DC614 /* Release */,
			);
			defaultConfigurationIsVisible = 0;
			defaultConfigurationName = Release;
		};
		3AAAABE41C6DF218000DC614 /* Build configuration list for PBXNativeTarget "testObjc" */ = {
			isa = XCConfigurationList;
			buildConfigurations = (
				3AAAABE51C6DF218000DC614 /* Debug */,
				3AAAABE61C6DF218000DC614 /* Release */,
			);
			defaultConfigurationIsVisible = 0;
		};
/* End XCConfigurationList section */
	};
	rootObject = 3AAAABC51C6DF218000DC614 /* Project object */;
}
